
Microsoft Visual Studio Solution File, Format Version 12.00
# Visual Studio Version 17
VisualStudioVersion = 17.14.36414.22 d17.14
MinimumVisualStudioVersion = 10.0.40219.1
Project("{FAE04EC0-301F-11D3-BF4B-00C04F79EFBC}") = "NetAssessment", "NetAssessment\NetAssessment.csproj", "{3B3B030C-6174-4111-B398-E7229DB48049}"
EndProject
Global
	GlobalSection(SolutionConfigurationPlatforms) = preSolution
		Debug|Any CPU = Debug|Any CPU
		Release|Any CPU = Release|Any CPU
	EndGlobalSection
	GlobalSection(ProjectConfigurationPlatforms) = postSolution
		{3B3B030C-6174-4111-B398-E7229DB48049}.Debug|Any CPU.ActiveCfg = Debug|Any CPU
		{3B3B030C-6174-4111-B398-E7229DB48049}.Debug|Any CPU.Build.0 = Debug|Any CPU
		{3B3B030C-6174-4111-B398-E7229DB48049}.Release|Any CPU.ActiveCfg = Release|Any CPU
		{3B3B030C-6174-4111-B398-E7229DB48049}.Release|Any CPU.Build.0 = Release|Any CPU
	EndGlobalSection
	GlobalSection(SolutionProperties) = preSolution
		HideSolutionNode = FALSE
	EndGlobalSection
	GlobalSection(ExtensibilityGlobals) = postSolution
		SolutionGuid = {E36373C6-1C62-4230-89C9-73340140EA32}
	EndGlobalSection
EndGlobal
